
Microsoft Visual Studio Solution File, Format Version 12.00
# Visual Studio Version 16
VisualStudioVersion = 16.0.31005.135
MinimumVisualStudioVersion = 10.0.40219.1
Project("{FAE04EC0-301F-11D3-BF4B-00C04F79EFBC}") = "Moula.Customer.API", "Moula.Customer.API\Moula.Customer.API.csproj", "{26654267-7F95-4427-96C8-AF28DF3850D7}"
EndProject
Project("{FAE04EC0-301F-11D3-BF4B-00C04F79EFBC}") = "Moula.Customer.Data", "Moula.Customer.Data\Moula.Customer.Data.csproj", "{E67E9086-9016-46DE-9954-2F0D8BD2C6C1}"
EndProject
Project("{FAE04EC0-301F-11D3-BF4B-00C04F79EFBC}") = "Moula.Customer.Model", "Moula.Customer.Model\Moula.Customer.Model.csproj", "{9E39152E-5D9D-4BF0-A133-791C4E0F8DFA}"
EndProject
Project("{FAE04EC0-301F-11D3-BF4B-00C04F79EFBC}") = "Moula.Customer.Service", "Moula.Customer.Service\Moula.Customer.Service.csproj", "{C3C2D0D7-299C-4A70-BAF0-D6DCE1CBCDAA}"
EndProject
Project("{FAE04EC0-301F-11D3-BF4B-00C04F79EFBC}") = "Moula.Customer.API.Test", "Moula.Customer.API.Test\Moula.Customer.API.Test.csproj", "{3716DD15-2EEF-459C-B3C1-1AD89D6FC3BD}"
EndProject
Global
	GlobalSection(SolutionConfigurationPlatforms) = preSolution
		Debug|Any CPU = Debug|Any CPU
		Release|Any CPU = Release|Any CPU
	EndGlobalSection
	GlobalSection(ProjectConfigurationPlatforms) = postSolution
		{26654267-7F95-4427-96C8-AF28DF3850D7}.Debug|Any CPU.ActiveCfg = Debug|Any CPU
		{26654267-7F95-4427-96C8-AF28DF3850D7}.Debug|Any CPU.Build.0 = Debug|Any CPU
		{26654267-7F95-4427-96C8-AF28DF3850D7}.Release|Any CPU.ActiveCfg = Release|Any CPU
		{26654267-7F95-4427-96C8-AF28DF3850D7}.Release|Any CPU.Build.0 = Release|Any CPU
		{E67E9086-9016-46DE-9954-2F0D8BD2C6C1}.Debug|Any CPU.ActiveCfg = Debug|Any CPU
		{E67E9086-9016-46DE-9954-2F0D8BD2C6C1}.Debug|Any CPU.Build.0 = Debug|Any CPU
		{E67E9086-9016-46DE-9954-2F0D8BD2C6C1}.Release|Any CPU.ActiveCfg = Release|Any CPU
		{E67E9086-9016-46DE-9954-2F0D8BD2C6C1}.Release|Any CPU.Build.0 = Release|Any CPU
		{9E39152E-5D9D-4BF0-A133-791C4E0F8DFA}.Debug|Any CPU.ActiveCfg = Debug|Any CPU
		{9E39152E-5D9D-4BF0-A133-791C4E0F8DFA}.Debug|Any CPU.Build.0 = Debug|Any CPU
		{9E39152E-5D9D-4BF0-A133-791C4E0F8DFA}.Release|Any CPU.ActiveCfg = Release|Any CPU
		{9E39152E-5D9D-4BF0-A133-791C4E0F8DFA}.Release|Any CPU.Build.0 = Release|Any CPU
		{C3C2D0D7-299C-4A70-BAF0-D6DCE1CBCDAA}.Debug|Any CPU.ActiveCfg = Debug|Any CPU
		{C3C2D0D7-299C-4A70-BAF0-D6DCE1CBCDAA}.Debug|Any CPU.Build.0 = Debug|Any CPU
		{C3C2D0D7-299C-4A70-BAF0-D6DCE1CBCDAA}.Release|Any CPU.ActiveCfg = Release|Any CPU
		{C3C2D0D7-299C-4A70-BAF0-D6DCE1CBCDAA}.Release|Any CPU.Build.0 = Release|Any CPU
		{3716DD15-2EEF-459C-B3C1-1AD89D6FC3BD}.Debug|Any CPU.ActiveCfg = Debug|Any CPU
		{3716DD15-2EEF-459C-B3C1-1AD89D6FC3BD}.Debug|Any CPU.Build.0 = Debug|Any CPU
		{3716DD15-2EEF-459C-B3C1-1AD89D6FC3BD}.Release|Any CPU.ActiveCfg = Release|Any CPU
		{3716DD15-2EEF-459C-B3C1-1AD89D6FC3BD}.Release|Any CPU.Build.0 = Release|Any CPU
	EndGlobalSection
	GlobalSection(SolutionProperties) = preSolution
		HideSolutionNode = FALSE
	EndGlobalSection
	GlobalSection(ExtensibilityGlobals) = postSolution
		SolutionGuid = {627AC3A3-8592-433A-A47B-AE566F2057FA}
	EndGlobalSection
EndGlobal
